
Microsoft Visual Studio Solution File, Format Version 12.00
# Visual Studio 15
VisualStudioVersion = 15.0.28307.106
MinimumVisualStudioVersion = 10.0.40219.1
Project("{FAE04EC0-301F-11D3-BF4B-00C04F79EFBC}") = "Local Jbovlaste", "CSharp Lojban Project\Local Jbovlaste.csproj", "{48AEE729-039A-4C09-ABFE-8B7C2E1CBAFD}"
EndProject
Project("{FAE04EC0-301F-11D3-BF4B-00C04F79EFBC}") = "Lojban", "Lojban\Lojban.csproj", "{8BBC5C17-3C7C-4157-BD7C-1CF3106ECEA9}"
EndProject
Project("{FAE04EC0-301F-11D3-BF4B-00C04F79EFBC}") = "LojbanTest", "LojbanTest\LojbanTest.csproj", "{11C739D7-9A0F-4AF4-AF82-03D484F39A25}"
EndProject
Project("{FAE04EC0-301F-11D3-BF4B-00C04F79EFBC}") = "Antlr4Test", "Antlr4Test\Antlr4Test.csproj", "{7548EC1F-2AA1-4C82-8742-1EC0013F8FCF}"
EndProject
Project("{FAE04EC0-301F-11D3-BF4B-00C04F79EFBC}") = "PegasusTest", "PegasusTest\PegasusTest.csproj", "{838B713F-111F-4B38-86D6-9034767B39F7}"
EndProject
Project("{FAE04EC0-301F-11D3-BF4B-00C04F79EFBC}") = "PegasusConverter", "PegParser\PegasusConverter.csproj", "{B18E3090-953F-4769-AF5E-D29A2B549DD5}"
EndProject
Global
	GlobalSection(SolutionConfigurationPlatforms) = preSolution
		Debug|Any CPU = Debug|Any CPU
		Release|Any CPU = Release|Any CPU
	EndGlobalSection
	GlobalSection(ProjectConfigurationPlatforms) = postSolution
		{48AEE729-039A-4C09-ABFE-8B7C2E1CBAFD}.Debug|Any CPU.ActiveCfg = Debug|Any CPU
		{48AEE729-039A-4C09-ABFE-8B7C2E1CBAFD}.Debug|Any CPU.Build.0 = Debug|Any CPU
		{48AEE729-039A-4C09-ABFE-8B7C2E1CBAFD}.Release|Any CPU.ActiveCfg = Release|Any CPU
		{48AEE729-039A-4C09-ABFE-8B7C2E1CBAFD}.Release|Any CPU.Build.0 = Release|Any CPU
		{8BBC5C17-3C7C-4157-BD7C-1CF3106ECEA9}.Debug|Any CPU.ActiveCfg = Debug|Any CPU
		{8BBC5C17-3C7C-4157-BD7C-1CF3106ECEA9}.Debug|Any CPU.Build.0 = Debug|Any CPU
		{8BBC5C17-3C7C-4157-BD7C-1CF3106ECEA9}.Release|Any CPU.ActiveCfg = Release|Any CPU
		{8BBC5C17-3C7C-4157-BD7C-1CF3106ECEA9}.Release|Any CPU.Build.0 = Release|Any CPU
		{11C739D7-9A0F-4AF4-AF82-03D484F39A25}.Debug|Any CPU.ActiveCfg = Debug|Any CPU
		{11C739D7-9A0F-4AF4-AF82-03D484F39A25}.Debug|Any CPU.Build.0 = Debug|Any CPU
		{11C739D7-9A0F-4AF4-AF82-03D484F39A25}.Release|Any CPU.ActiveCfg = Release|Any CPU
		{11C739D7-9A0F-4AF4-AF82-03D484F39A25}.Release|Any CPU.Build.0 = Release|Any CPU
		{7548EC1F-2AA1-4C82-8742-1EC0013F8FCF}.Debug|Any CPU.ActiveCfg = Debug|Any CPU
		{7548EC1F-2AA1-4C82-8742-1EC0013F8FCF}.Debug|Any CPU.Build.0 = Debug|Any CPU
		{7548EC1F-2AA1-4C82-8742-1EC0013F8FCF}.Release|Any CPU.ActiveCfg = Release|Any CPU
		{7548EC1F-2AA1-4C82-8742-1EC0013F8FCF}.Release|Any CPU.Build.0 = Release|Any CPU
		{838B713F-111F-4B38-86D6-9034767B39F7}.Debug|Any CPU.ActiveCfg = Debug|Any CPU
		{838B713F-111F-4B38-86D6-9034767B39F7}.Debug|Any CPU.Build.0 = Debug|Any CPU
		{838B713F-111F-4B38-86D6-9034767B39F7}.Release|Any CPU.ActiveCfg = Release|Any CPU
		{838B713F-111F-4B38-86D6-9034767B39F7}.Release|Any CPU.Build.0 = Release|Any CPU
		{B18E3090-953F-4769-AF5E-D29A2B549DD5}.Debug|Any CPU.ActiveCfg = Debug|Any CPU
		{B18E3090-953F-4769-AF5E-D29A2B549DD5}.Debug|Any CPU.Build.0 = Debug|Any CPU
		{B18E3090-953F-4769-AF5E-D29A2B549DD5}.Release|Any CPU.ActiveCfg = Release|Any CPU
		{B18E3090-953F-4769-AF5E-D29A2B549DD5}.Release|Any CPU.Build.0 = Release|Any CPU
	EndGlobalSection
	GlobalSection(SolutionProperties) = preSolution
		HideSolutionNode = FALSE
	EndGlobalSection
	GlobalSection(ExtensibilityGlobals) = postSolution
		SolutionGuid = {904CE003-0BF7-4A84-BADF-C611A531A51B}
	EndGlobalSection
EndGlobal
